
Microsoft Visual Studio Solution File, Format Version 12.00
# Visual Studio Version 17
VisualStudioVersion = 17.1.32228.430
MinimumVisualStudioVersion = 10.0.40219.1
Project("{9092AA53-FB77-4645-B42D-1CCCA6BD08BD}") = "NodejsWebApp1", "NodejsWebApp1\NodejsWebApp1.njsproj", "{2F14B74A-AC82-42ED-BC96-D5E057F3713B}"
EndProject
Project("{9092AA53-FB77-4645-B42D-1CCCA6BD08BD}") = "NodejsConsoleApp1", "NodejsConsoleApp1\NodejsConsoleApp1.njsproj", "{60DA5E68-0FF4-4CD6-A070-1BE6AE0DFE45}"
EndProject
Project("{9092AA53-FB77-4645-B42D-1CCCA6BD08BD}") = "NodejsConsoleApp2", "NodejsConsoleApp2\NodejsConsoleApp2.njsproj", "{D08B04AD-0609-477A-B5A4-285AACC890F1}"
EndProject
Project("{9092AA53-FB77-4645-B42D-1CCCA6BD08BD}") = "NodejsWebApp2", "NodejsWebApp2\NodejsWebApp2.njsproj", "{73C1C7BE-5AE7-4F78-9C3A-742A6DE8E1D0}"
EndProject
Global
	GlobalSection(SolutionConfigurationPlatforms) = preSolution
		Debug|Any CPU = Debug|Any CPU
		Release|Any CPU = Release|Any CPU
	EndGlobalSection
	GlobalSection(ProjectConfigurationPlatforms) = postSolution
		{2F14B74A-AC82-42ED-BC96-D5E057F3713B}.Debug|Any CPU.ActiveCfg = Debug|Any CPU
		{2F14B74A-AC82-42ED-BC96-D5E057F3713B}.Debug|Any CPU.Build.0 = Debug|Any CPU
		{2F14B74A-AC82-42ED-BC96-D5E057F3713B}.Release|Any CPU.ActiveCfg = Release|Any CPU
		{2F14B74A-AC82-42ED-BC96-D5E057F3713B}.Release|Any CPU.Build.0 = Release|Any CPU
		{60DA5E68-0FF4-4CD6-A070-1BE6AE0DFE45}.Debug|Any CPU.ActiveCfg = Debug|Any CPU
		{60DA5E68-0FF4-4CD6-A070-1BE6AE0DFE45}.Debug|Any CPU.Build.0 = Debug|Any CPU
		{60DA5E68-0FF4-4CD6-A070-1BE6AE0DFE45}.Release|Any CPU.ActiveCfg = Release|Any CPU
		{60DA5E68-0FF4-4CD6-A070-1BE6AE0DFE45}.Release|Any CPU.Build.0 = Release|Any CPU
		{D08B04AD-0609-477A-B5A4-285AACC890F1}.Debug|Any CPU.ActiveCfg = Debug|Any CPU
		{D08B04AD-0609-477A-B5A4-285AACC890F1}.Debug|Any CPU.Build.0 = Debug|Any CPU
		{D08B04AD-0609-477A-B5A4-285AACC890F1}.Release|Any CPU.ActiveCfg = Release|Any CPU
		{D08B04AD-0609-477A-B5A4-285AACC890F1}.Release|Any CPU.Build.0 = Release|Any CPU
		{73C1C7BE-5AE7-4F78-9C3A-742A6DE8E1D0}.Debug|Any CPU.ActiveCfg = Debug|Any CPU
		{73C1C7BE-5AE7-4F78-9C3A-742A6DE8E1D0}.Debug|Any CPU.Build.0 = Debug|Any CPU
		{73C1C7BE-5AE7-4F78-9C3A-742A6DE8E1D0}.Release|Any CPU.ActiveCfg = Release|Any CPU
		{73C1C7BE-5AE7-4F78-9C3A-742A6DE8E1D0}.Release|Any CPU.Build.0 = Release|Any CPU
	EndGlobalSection
	GlobalSection(SolutionProperties) = preSolution
		HideSolutionNode = FALSE
	EndGlobalSection
	GlobalSection(ExtensibilityGlobals) = postSolution
		SolutionGuid = {7C44DC37-4EBA-4ED0-A0FC-3DC67E70F589}
	EndGlobalSection
EndGlobal
